// !$*UTF8*$!
{
	archiveVersion = 1;
	classes = {
	};
	objectVersion = 55;
	objects = {

/* Begin PBXBuildFile section */
		210BA99728408F1100D36609 /* Circe-Bold.ttf in Resources */ = {isa = PBXBuildFile; fileRef = 210BA99528408F1000D36609 /* Circe-Bold.ttf */; };
		210BA99828408F1100D36609 /* Circe-Light.ttf in Resources */ = {isa = PBXBuildFile; fileRef = 210BA99628408F1100D36609 /* Circe-Light.ttf */; };
		210BA99A2840938300D36609 /* DoorViewController.swift in Sources */ = {isa = PBXBuildFile; fileRef = 210BA9992840938300D36609 /* DoorViewController.swift */; };
		21B003822839EA9300E2A1BB /* AppDelegate.swift in Sources */ = {isa = PBXBuildFile; fileRef = 21B003812839EA9300E2A1BB /* AppDelegate.swift */; };
		21B003842839EA9300E2A1BB /* SceneDelegate.swift in Sources */ = {isa = PBXBuildFile; fileRef = 21B003832839EA9300E2A1BB /* SceneDelegate.swift */; };
		21B003862839EA9300E2A1BB /* ViewController.swift in Sources */ = {isa = PBXBuildFile; fileRef = 21B003852839EA9300E2A1BB /* ViewController.swift */; };
		21B003892839EA9300E2A1BB /* Main.storyboard in Resources */ = {isa = PBXBuildFile; fileRef = 21B003872839EA9300E2A1BB /* Main.storyboard */; };
		21B0038B2839EA9400E2A1BB /* Assets.xcassets in Resources */ = {isa = PBXBuildFile; fileRef = 21B0038A2839EA9400E2A1BB /* Assets.xcassets */; };
		21B0038E2839EA9400E2A1BB /* LaunchScreen.storyboard in Resources */ = {isa = PBXBuildFile; fileRef = 21B0038C2839EA9400E2A1BB /* LaunchScreen.storyboard */; };
		21B003972839EDAC00E2A1BB /* Circe-Regular.ttf in Resources */ = {isa = PBXBuildFile; fileRef = 21B003962839EDAC00E2A1BB /* Circe-Regular.ttf */; };
		21FF6661283B423400FE7C25 /* Service.swift in Sources */ = {isa = PBXBuildFile; fileRef = 21FF6660283B423400FE7C25 /* Service.swift */; };
		21FF6663283B428400FE7C25 /* Cameras.swift in Sources */ = {isa = PBXBuildFile; fileRef = 21FF6662283B428400FE7C25 /* Cameras.swift */; };
		21FF6666283B441600FE7C25 /* Doors.swift in Sources */ = {isa = PBXBuildFile; fileRef = 21FF6665283B441600FE7C25 /* Doors.swift */; };
		21FF6668283B464400FE7C25 /* Fetcher.swift in Sources */ = {isa = PBXBuildFile; fileRef = 21FF6667283B464400FE7C25 /* Fetcher.swift */; };
		CE1845C5283BCBD500F0194F /* TableView.swift in Sources */ = {isa = PBXBuildFile; fileRef = CE1845C4283BCBD500F0194F /* TableView.swift */; };
		CE247476283FAE4F00ECF465 /* DBManager.swift in Sources */ = {isa = PBXBuildFile; fileRef = CE247475283FAE4F00ECF465 /* DBManager.swift */; };
		CE696AE5283E4BDA003AA970 /* CamCell.swift in Sources */ = {isa = PBXBuildFile; fileRef = CE696AE4283E4BDA003AA970 /* CamCell.swift */; };
		CE696AE7283E4C08003AA970 /* DoorphoneCell.swift in Sources */ = {isa = PBXBuildFile; fileRef = CE696AE6283E4C08003AA970 /* DoorphoneCell.swift */; };
		CE696AEA283E4C4A003AA970 /* EntranceCell.swift in Sources */ = {isa = PBXBuildFile; fileRef = CE696AE9283E4C4A003AA970 /* EntranceCell.swift */; };
		CEFF918A283E7A1B00C2F6B4 /* Realm in Frameworks */ = {isa = PBXBuildFile; productRef = CEFF9189283E7A1B00C2F6B4 /* Realm */; };
		CEFF918C283E7A1B00C2F6B4 /* RealmSwift in Frameworks */ = {isa = PBXBuildFile; productRef = CEFF918B283E7A1B00C2F6B4 /* RealmSwift */; };
/* End PBXBuildFile section */

/* Begin PBXFileReference section */
		210BA99528408F1000D36609 /* Circe-Bold.ttf */ = {isa = PBXFileReference; lastKnownFileType = file; path = "Circe-Bold.ttf"; sourceTree = "<group>"; };
		210BA99628408F1100D36609 /* Circe-Light.ttf */ = {isa = PBXFileReference; lastKnownFileType = file; path = "Circe-Light.ttf"; sourceTree = "<group>"; };
		210BA9992840938300D36609 /* DoorViewController.swift */ = {isa = PBXFileReference; lastKnownFileType = sourcecode.swift; path = DoorViewController.swift; sourceTree = "<group>"; };
		21B0037E2839EA9300E2A1BB /* Cams.app */ = {isa = PBXFileReference; explicitFileType = wrapper.application; includeInIndex = 0; path = Cams.app; sourceTree = BUILT_PRODUCTS_DIR; };
		21B003812839EA9300E2A1BB /* AppDelegate.swift */ = {isa = PBXFileReference; lastKnownFileType = sourcecode.swift; path = AppDelegate.swift; sourceTree = "<group>"; };
		21B003832839EA9300E2A1BB /* SceneDelegate.swift */ = {isa = PBXFileReference; lastKnownFileType = sourcecode.swift; path = SceneDelegate.swift; sourceTree = "<group>"; };
		21B003852839EA9300E2A1BB /* ViewController.swift */ = {isa = PBXFileReference; lastKnownFileType = sourcecode.swift; path = ViewController.swift; sourceTree = "<group>"; };
		21B003882839EA9300E2A1BB /* Base */ = {isa = PBXFileReference; lastKnownFileType = file.storyboard; name = Base; path = Base.lproj/Main.storyboard; sourceTree = "<group>"; };
		21B0038A2839EA9400E2A1BB /* Assets.xcassets */ = {isa = PBXFileReference; lastKnownFileType = folder.assetcatalog; path = Assets.xcassets; sourceTree = "<group>"; };
		21B0038D2839EA9400E2A1BB /* Base */ = {isa = PBXFileReference; lastKnownFileType = file.storyboard; name = Base; path = Base.lproj/LaunchScreen.storyboard; sourceTree = "<group>"; };
		21B0038F2839EA9400E2A1BB /* Info.plist */ = {isa = PBXFileReference; lastKnownFileType = text.plist.xml; path = Info.plist; sourceTree = "<group>"; };
		21B003962839EDAC00E2A1BB /* Circe-Regular.ttf */ = {isa = PBXFileReference; lastKnownFileType = file; path = "Circe-Regular.ttf"; sourceTree = "<group>"; };
		21FF6660283B423400FE7C25 /* Service.swift */ = {isa = PBXFileReference; lastKnownFileType = sourcecode.swift; path = Service.swift; sourceTree = "<group>"; };
		21FF6662283B428400FE7C25 /* Cameras.swift */ = {isa = PBXFileReference; lastKnownFileType = sourcecode.swift; path = Cameras.swift; sourceTree = "<group>"; };
		21FF6665283B441600FE7C25 /* Doors.swift */ = {isa = PBXFileReference; lastKnownFileType = sourcecode.swift; path = Doors.swift; sourceTree = "<group>"; };
		21FF6667283B464400FE7C25 /* Fetcher.swift */ = {isa = PBXFileReference; lastKnownFileType = sourcecode.swift; path = Fetcher.swift; sourceTree = "<group>"; };
		CE1845C4283BCBD500F0194F /* TableView.swift */ = {isa = PBXFileReference; lastKnownFileType = sourcecode.swift; name = TableView.swift; path = Networking/TableView.swift; sourceTree = "<group>"; };
		CE247475283FAE4F00ECF465 /* DBManager.swift */ = {isa = PBXFileReference; lastKnownFileType = sourcecode.swift; path = DBManager.swift; sourceTree = "<group>"; };
		CE696AE4283E4BDA003AA970 /* CamCell.swift */ = {isa = PBXFileReference; lastKnownFileType = sourcecode.swift; path = CamCell.swift; sourceTree = "<group>"; };
		CE696AE6283E4C08003AA970 /* DoorphoneCell.swift */ = {isa = PBXFileReference; lastKnownFileType = sourcecode.swift; path = DoorphoneCell.swift; sourceTree = "<group>"; };
		CE696AE9283E4C4A003AA970 /* EntranceCell.swift */ = {isa = PBXFileReference; lastKnownFileType = sourcecode.swift; path = EntranceCell.swift; sourceTree = "<group>"; };
/* End PBXFileReference section */

/* Begin PBXFrameworksBuildPhase section */
		21B0037B2839EA9300E2A1BB /* Frameworks */ = {
			isa = PBXFrameworksBuildPhase;
			buildActionMask = 2147483647;
			files = (
				CEFF918C283E7A1B00C2F6B4 /* RealmSwift in Frameworks */,
				CEFF918A283E7A1B00C2F6B4 /* Realm in Frameworks */,
			);
			runOnlyForDeploymentPostprocessing = 0;
		};
/* End PBXFrameworksBuildPhase section */

/* Begin PBXGroup section */
		217EEF86283B415600E60FED /* Networking */ = {
			isa = PBXGroup;
			children = (
				21FF6660283B423400FE7C25 /* Service.swift */,
				21FF6667283B464400FE7C25 /* Fetcher.swift */,
			);
			path = Networking;
			sourceTree = "<group>";
		};
		21B003752839EA9300E2A1BB = {
			isa = PBXGroup;
			children = (
				21B003802839EA9300E2A1BB /* Cams */,
				21B0037F2839EA9300E2A1BB /* Products */,
			);
			sourceTree = "<group>";
		};
		21B0037F2839EA9300E2A1BB /* Products */ = {
			isa = PBXGroup;
			children = (
				21B0037E2839EA9300E2A1BB /* Cams.app */,
			);
			name = Products;
			sourceTree = "<group>";
		};
		21B003802839EA9300E2A1BB /* Cams */ = {
			isa = PBXGroup;
			children = (
				CE696AE8283E4C13003AA970 /* Cells */,
				21FF6664283B440A00FE7C25 /* Models */,
				217EEF86283B415600E60FED /* Networking */,
				21B003952839EC0300E2A1BB /* Fonts */,
				21B003812839EA9300E2A1BB /* AppDelegate.swift */,
				21B003832839EA9300E2A1BB /* SceneDelegate.swift */,
				21B003852839EA9300E2A1BB /* ViewController.swift */,
				CE247475283FAE4F00ECF465 /* DBManager.swift */,
				CE1845C4283BCBD500F0194F /* TableView.swift */,
				21B003872839EA9300E2A1BB /* Main.storyboard */,
				210BA9992840938300D36609 /* DoorViewController.swift */,
				21B0038A2839EA9400E2A1BB /* Assets.xcassets */,
				21B0038C2839EA9400E2A1BB /* LaunchScreen.storyboard */,
				21B0038F2839EA9400E2A1BB /* Info.plist */,
			);
			path = Cams;
			sourceTree = "<group>";
		};
		21B003952839EC0300E2A1BB /* Fonts */ = {
			isa = PBXGroup;
			children = (
				210BA99528408F1000D36609 /* Circe-Bold.ttf */,
				210BA99628408F1100D36609 /* Circe-Light.ttf */,
				21B003962839EDAC00E2A1BB /* Circe-Regular.ttf */,
			);
			path = Fonts;
			sourceTree = "<group>";
		};
		21FF6664283B440A00FE7C25 /* Models */ = {
			isa = PBXGroup;
			children = (
				21FF6662283B428400FE7C25 /* Cameras.swift */,
				21FF6665283B441600FE7C25 /* Doors.swift */,
			);
			path = Models;
			sourceTree = "<group>";
		};
		CE696AE8283E4C13003AA970 /* Cells */ = {
			isa = PBXGroup;
			children = (
				CE696AE6283E4C08003AA970 /* DoorphoneCell.swift */,
				CE696AE4283E4BDA003AA970 /* CamCell.swift */,
				CE696AE9283E4C4A003AA970 /* EntranceCell.swift */,
			);
			path = Cells;
			sourceTree = "<group>";
		};
/* End PBXGroup section */

/* Begin PBXNativeTarget section */
		21B0037D2839EA9300E2A1BB /* Cams */ = {
			isa = PBXNativeTarget;
			buildConfigurationList = 21B003922839EA9400E2A1BB /* Build configuration list for PBXNativeTarget "Cams" */;
			buildPhases = (
				21B0037A2839EA9300E2A1BB /* Sources */,
				21B0037B2839EA9300E2A1BB /* Frameworks */,
				21B0037C2839EA9300E2A1BB /* Resources */,
			);
			buildRules = (
			);
			dependencies = (
			);
			name = Cams;
			packageProductDependencies = (
				CEFF9189283E7A1B00C2F6B4 /* Realm */,
				CEFF918B283E7A1B00C2F6B4 /* RealmSwift */,
			);
			productName = Cams;
			productReference = 21B0037E2839EA9300E2A1BB /* Cams.app */;
			productType = "com.apple.product-type.application";
		};
/* End PBXNativeTarget section */

/* Begin PBXProject section */
		21B003762839EA9300E2A1BB /* Project object */ = {
			isa = PBXProject;
			attributes = {
				BuildIndependentTargetsInParallel = 1;
				LastSwiftUpdateCheck = 1340;
				LastUpgradeCheck = 1340;
				TargetAttributes = {
					21B0037D2839EA9300E2A1BB = {
						CreatedOnToolsVersion = 13.4;
					};
				};
			};
			buildConfigurationList = 21B003792839EA9300E2A1BB /* Build configuration list for PBXProject "Cams" */;
			compatibilityVersion = "Xcode 13.0";
			developmentRegion = en;
			hasScannedForEncodings = 0;
			knownRegions = (
				en,
				Base,
			);
			mainGroup = 21B003752839EA9300E2A1BB;
			packageReferences = (
				CEFF9188283E7A1B00C2F6B4 /* XCRemoteSwiftPackageReference "realm-swift" */,
			);
			productRefGroup = 21B0037F2839EA9300E2A1BB /* Products */;
			projectDirPath = "";
			projectRoot = "";
			targets = (
				21B0037D2839EA9300E2A1BB /* Cams */,
			);
		};
/* End PBXProject section */

/* Begin PBXResourcesBuildPhase section */
		21B0037C2839EA9300E2A1BB /* Resources */ = {
			isa = PBXResourcesBuildPhase;
			buildActionMask = 2147483647;
			files = (
				21B0038E2839EA9400E2A1BB /* LaunchScreen.storyboard in Resources */,
				210BA99728408F1100D36609 /* Circe-Bold.ttf in Resources */,
				21B0038B2839EA9400E2A1BB /* Assets.xcassets in Resources */,
				21B003972839EDAC00E2A1BB /* Circe-Regular.ttf in Resources */,
				210BA99828408F1100D36609 /* Circe-Light.ttf in Resources */,
				21B003892839EA9300E2A1BB /* Main.storyboard in Resources */,
			);
			runOnlyForDeploymentPostprocessing = 0;
		};
/* End PBXResourcesBuildPhase section */

/* Begin PBXSourcesBuildPhase section */
		21B0037A2839EA9300E2A1BB /* Sources */ = {
			isa = PBXSourcesBuildPhase;
			buildActionMask = 2147483647;
			files = (
				21FF6668283B464400FE7C25 /* Fetcher.swift in Sources */,
				21B003862839EA9300E2A1BB /* ViewController.swift in Sources */,
				CE696AE5283E4BDA003AA970 /* CamCell.swift in Sources */,
				21FF6661283B423400FE7C25 /* Service.swift in Sources */,
				21B003822839EA9300E2A1BB /* AppDelegate.swift in Sources */,
				21FF6666283B441600FE7C25 /* Doors.swift in Sources */,
				CE247476283FAE4F00ECF465 /* DBManager.swift in Sources */,
				CE696AEA283E4C4A003AA970 /* EntranceCell.swift in Sources */,
				CE696AE7283E4C08003AA970 /* DoorphoneCell.swift in Sources */,
				CE1845C5283BCBD500F0194F /* TableView.swift in Sources */,
				21FF6663283B428400FE7C25 /* Cameras.swift in Sources */,
				21B003842839EA9300E2A1BB /* SceneDelegate.swift in Sources */,
				210BA99A2840938300D36609 /* DoorViewController.swift in Sources */,
			);
			runOnlyForDeploymentPostprocessing = 0;
		};
/* End PBXSourcesBuildPhase section */

/* Begin PBXVariantGroup section */
		21B003872839EA9300E2A1BB /* Main.storyboard */ = {
			isa = PBXVariantGroup;
			children = (
				21B003882839EA9300E2A1BB /* Base */,
			);
			name = Main.storyboard;
			sourceTree = "<group>";
		};
		21B0038C2839EA9400E2A1BB /* LaunchScreen.storyboard */ = {
			isa = PBXVariantGroup;
			children = (
				21B0038D2839EA9400E2A1BB /* Base */,
			);
			name = LaunchScreen.storyboard;
			sourceTree = "<group>";
		};
/* End PBXVariantGroup section */

/* Begin XCBuildConfiguration section */
		21B003902839EA9400E2A1BB /* Debug */ = {
			isa = XCBuildConfiguration;
			buildSettings = {
				ALWAYS_SEARCH_USER_PATHS = NO;
				CLANG_ANALYZER_NONNULL = YES;
				CLANG_ANALYZER_NUMBER_OBJECT_CONVERSION = YES_AGGRESSIVE;
				CLANG_CXX_LANGUAGE_STANDARD = "gnu++17";
				CLANG_ENABLE_MODULES = YES;
				CLANG_ENABLE_OBJC_ARC = YES;
				CLANG_ENABLE_OBJC_WEAK = YES;
				CLANG_WARN_BLOCK_CAPTURE_AUTORELEASING = YES;
				CLANG_WARN_BOOL_CONVERSION = YES;
				CLANG_WARN_COMMA = YES;
				CLANG_WARN_CONSTANT_CONVERSION = YES;
				CLANG_WARN_DEPRECATED_OBJC_IMPLEMENTATIONS = YES;
				CLANG_WARN_DIRECT_OBJC_ISA_USAGE = YES_ERROR;
				CLANG_WARN_DOCUMENTATION_COMMENTS = YES;
				CLANG_WARN_EMPTY_BODY = YES;
				CLANG_WARN_ENUM_CONVERSION = YES;
				CLANG_WARN_INFINITE_RECURSION = YES;
				CLANG_WARN_INT_CONVERSION = YES;
				CLANG_WARN_NON_LITERAL_NULL_CONVERSION = YES;
				CLANG_WARN_OBJC_IMPLICIT_RETAIN_SELF = YES;
				CLANG_WARN_OBJC_LITERAL_CONVERSION = YES;
				CLANG_WARN_OBJC_ROOT_CLASS = YES_ERROR;
				CLANG_WARN_QUOTED_INCLUDE_IN_FRAMEWORK_HEADER = YES;
				CLANG_WARN_RANGE_LOOP_ANALYSIS = YES;
				CLANG_WARN_STRICT_PROTOTYPES = YES;
				CLANG_WARN_SUSPICIOUS_MOVE = YES;
				CLANG_WARN_UNGUARDED_AVAILABILITY = YES_AGGRESSIVE;
				CLANG_WARN_UNREACHABLE_CODE = YES;
				CLANG_WARN__DUPLICATE_METHOD_MATCH = YES;
				COPY_PHASE_STRIP = NO;
				DEBUG_INFORMATION_FORMAT = dwarf;
				ENABLE_STRICT_OBJC_MSGSEND = YES;
				ENABLE_TESTABILITY = YES;
				GCC_C_LANGUAGE_STANDARD = gnu11;
				GCC_DYNAMIC_NO_PIC = NO;
				GCC_NO_COMMON_BLOCKS = YES;
				GCC_OPTIMIZATION_LEVEL = 0;
				GCC_PREPROCESSOR_DEFINITIONS = (
					"DEBUG=1",
					"$(inherited)",
				);
				GCC_WARN_64_TO_32_BIT_CONVERSION = YES;
				GCC_WARN_ABOUT_RETURN_TYPE = YES_ERROR;
				GCC_WARN_UNDECLARED_SELECTOR = YES;
				GCC_WARN_UNINITIALIZED_AUTOS = YES_AGGRESSIVE;
				GCC_WARN_UNUSED_FUNCTION = YES;
				GCC_WARN_UNUSED_VARIABLE = YES;
				IPHONEOS_DEPLOYMENT_TARGET = 15.0;
				MTL_ENABLE_DEBUG_INFO = INCLUDE_SOURCE;
				MTL_FAST_MATH = YES;
				ONLY_ACTIVE_ARCH = YES;
				SDKROOT = iphoneos;
				SWIFT_ACTIVE_COMPILATION_CONDITIONS = DEBUG;
				SWIFT_OPTIMIZATION_LEVEL = "-Onone";
			};
			name = Debug;
		};
		21B003912839EA9400E2A1BB /* Release */ = {
			isa = XCBuildConfiguration;
			buildSettings = {
				ALWAYS_SEARCH_USER_PATHS = NO;
				CLANG_ANALYZER_NONNULL = YES;
				CLANG_ANALYZER_NUMBER_OBJECT_CONVERSION = YES_AGGRESSIVE;
				CLANG_CXX_LANGUAGE_STANDARD = "gnu++17";
				CLANG_ENABLE_MODULES = YES;
				CLANG_ENABLE_OBJC_ARC = YES;
				CLANG_ENABLE_OBJC_WEAK = YES;
				CLANG_WARN_BLOCK_CAPTURE_AUTORELEASING = YES;
				CLANG_WARN_BOOL_CONVERSION = YES;
				CLANG_WARN_COMMA = YES;
				CLANG_WARN_CONSTANT_CONVERSION = YES;
				CLANG_WARN_DEPRECATED_OBJC_IMPLEMENTATIONS = YES;
				CLANG_WARN_DIRECT_OBJC_ISA_USAGE = YES_ERROR;
				CLANG_WARN_DOCUMENTATION_COMMENTS = YES;
				CLANG_WARN_EMPTY_BODY = YES;
				CLANG_WARN_ENUM_CONVERSION = YES;
				CLANG_WARN_INFINITE_RECURSION = YES;
				CLANG_WARN_INT_CONVERSION = YES;
				CLANG_WARN_NON_LITERAL_NULL_CONVERSION = YES;
				CLANG_WARN_OBJC_IMPLICIT_RETAIN_SELF = YES;
				CLANG_WARN_OBJC_LITERAL_CONVERSION = YES;
				CLANG_WARN_OBJC_ROOT_CLASS = YES_ERROR;
				CLANG_WARN_QUOTED_INCLUDE_IN_FRAMEWORK_HEADER = YES;
				CLANG_WARN_RANGE_LOOP_ANALYSIS = YES;
				CLANG_WARN_STRICT_PROTOTYPES = YES;
				CLANG_WARN_SUSPICIOUS_MOVE = YES;
				CLANG_WARN_UNGUARDED_AVAILABILITY = YES_AGGRESSIVE;
				CLANG_WARN_UNREACHABLE_CODE = YES;
				CLANG_WARN__DUPLICATE_METHOD_MATCH = YES;
				COPY_PHASE_STRIP = NO;
				DEBUG_INFORMATION_FORMAT = "dwarf-with-dsym";
				ENABLE_NS_ASSERTIONS = NO;
				ENABLE_STRICT_OBJC_MSGSEND = YES;
				GCC_C_LANGUAGE_STANDARD = gnu11;
				GCC_NO_COMMON_BLOCKS = YES;
				GCC_WARN_64_TO_32_BIT_CONVERSION = YES;
				GCC_WARN_ABOUT_RETURN_TYPE = YES_ERROR;
				GCC_WARN_UNDECLARED_SELECTOR = YES;
				GCC_WARN_UNINITIALIZED_AUTOS = YES_AGGRESSIVE;
				GCC_WARN_UNUSED_FUNCTION = YES;
				GCC_WARN_UNUSED_VARIABLE = YES;
				IPHONEOS_DEPLOYMENT_TARGET = 15.0;
				MTL_ENABLE_DEBUG_INFO = NO;
				MTL_FAST_MATH = YES;
				SDKROOT = iphoneos;
				SWIFT_COMPILATION_MODE = wholemodule;
				SWIFT_OPTIMIZATION_LEVEL = "-O";
				VALIDATE_PRODUCT = YES;
			};
			name = Release;
		};
		21B003932839EA9400E2A1BB /* Debug */ = {
			isa = XCBuildConfiguration;
			buildSettings = {
				ASSETCATALOG_COMPILER_APPICON_NAME = AppIcon;
				ASSETCATALOG_COMPILER_GLOBAL_ACCENT_COLOR_NAME = AccentColor;
				CODE_SIGN_STYLE = Automatic;
				CURRENT_PROJECT_VERSION = 1;
				DEVELOPMENT_TEAM = H5CCX2A86G;
				GENERATE_INFOPLIST_FILE = YES;
				INFOPLIST_FILE = Cams/Info.plist;
				INFOPLIST_KEY_UIApplicationSupportsIndirectInputEvents = YES;
				INFOPLIST_KEY_UILaunchStoryboardName = LaunchScreen;
				INFOPLIST_KEY_UIMainStoryboardFile = Main;
				INFOPLIST_KEY_UISupportedInterfaceOrientations = UIInterfaceOrientationPortrait;
				INFOPLIST_KEY_UISupportedInterfaceOrientations_iPad = "UIInterfaceOrientationPortrait UIInterfaceOrientationPortraitUpsideDown UIInterfaceOrientationLandscapeLeft UIInterfaceOrientationLandscapeRight";
				INFOPLIST_KEY_UISupportedInterfaceOrientations_iPhone = "UIInterfaceOrientationPortrait UIInterfaceOrientationLandscapeLeft UIInterfaceOrientationLandscapeRight";
				IPHONEOS_DEPLOYMENT_TARGET = 15.0;
				LD_RUNPATH_SEARCH_PATHS = (
					"$(inherited)",
					"@executable_path/Frameworks",
				);
				MARKETING_VERSION = 1.0;
				PRODUCT_BUNDLE_IDENTIFIER = rik.cameras;
				PRODUCT_NAME = "$(TARGET_NAME)";
				SWIFT_EMIT_LOC_STRINGS = YES;
				SWIFT_VERSION = 5.0;
				TARGETED_DEVICE_FAMILY = "1,2";
			};
			name = Debug;
		};
		21B003942839EA9400E2A1BB /* Release */ = {
			isa = XCBuildConfiguration;
			buildSettings = {
				ASSETCATALOG_COMPILER_APPICON_NAME = AppIcon;
				ASSETCATALOG_COMPILER_GLOBAL_ACCENT_COLOR_NAME = AccentColor;
				CODE_SIGN_STYLE = Automatic;
				CURRENT_PROJECT_VERSION = 1;
				DEVELOPMENT_TEAM = H5CCX2A86G;
				GENERATE_INFOPLIST_FILE = YES;
				INFOPLIST_FILE = Cams/Info.plist;
				INFOPLIST_KEY_UIApplicationSupportsIndirectInputEvents = YES;
				INFOPLIST_KEY_UILaunchStoryboardName = LaunchScreen;
				INFOPLIST_KEY_UIMainStoryboardFile = Main;
				INFOPLIST_KEY_UISupportedInterfaceOrientations = UIInterfaceOrientationPortrait;
				INFOPLIST_KEY_UISupportedInterfaceOrientations_iPad = "UIInterfaceOrientationPortrait UIInterfaceOrientationPortraitUpsideDown UIInterfaceOrientationLandscapeLeft UIInterfaceOrientationLandscapeRight";
				INFOPLIST_KEY_UISupportedInterfaceOrientations_iPhone = "UIInterfaceOrientationPortrait UIInterfaceOrientationLandscapeLeft UIInterfaceOrientationLandscapeRight";
				IPHONEOS_DEPLOYMENT_TARGET = 15.0;
				LD_RUNPATH_SEARCH_PATHS = (
					"$(inherited)",
					"@executable_path/Frameworks",
				);
				MARKETING_VERSION = 1.0;
				PRODUCT_BUNDLE_IDENTIFIER = rik.cameras;
				PRODUCT_NAME = "$(TARGET_NAME)";
				SWIFT_EMIT_LOC_STRINGS = YES;
				SWIFT_VERSION = 5.0;
				TARGETED_DEVICE_FAMILY = "1,2";
			};
			name = Release;
		};
/* End XCBuildConfiguration section */

/* Begin XCConfigurationList section */
		21B003792839EA9300E2A1BB /* Build configuration list for PBXProject "Cams" */ = {
			isa = XCConfigurationList;
			buildConfigurations = (
				21B003902839EA9400E2A1BB /* Debug */,
				21B003912839EA9400E2A1BB /* Release */,
			);
			defaultConfigurationIsVisible = 0;
			defaultConfigurationName = Release;
		};
		21B003922839EA9400E2A1BB /* Build configuration list for PBXNativeTarget "Cams" */ = {
			isa = XCConfigurationList;
			buildConfigurations = (
				21B003932839EA9400E2A1BB /* Debug */,
				21B003942839EA9400E2A1BB /* Release */,
			);
			defaultConfigurationIsVisible = 0;
			defaultConfigurationName = Release;
		};
/* End XCConfigurationList section */

/* Begin XCRemoteSwiftPackageReference section */
		CEFF9188283E7A1B00C2F6B4 /* XCRemoteSwiftPackageReference "realm-swift" */ = {
			isa = XCRemoteSwiftPackageReference;
			repositoryURL = "https://github.com/realm/realm-swift.git";
			requirement = {
				branch = master;
				kind = branch;
			};
		};
/* End XCRemoteSwiftPackageReference section */

/* Begin XCSwiftPackageProductDependency section */
		CEFF9189283E7A1B00C2F6B4 /* Realm */ = {
			isa = XCSwiftPackageProductDependency;
			package = CEFF9188283E7A1B00C2F6B4 /* XCRemoteSwiftPackageReference "realm-swift" */;
			productName = Realm;
		};
		CEFF918B283E7A1B00C2F6B4 /* RealmSwift */ = {
			isa = XCSwiftPackageProductDependency;
			package = CEFF9188283E7A1B00C2F6B4 /* XCRemoteSwiftPackageReference "realm-swift" */;
			productName = RealmSwift;
		};
/* End XCSwiftPackageProductDependency section */
	};
	rootObject = 21B003762839EA9300E2A1BB /* Project object */;
}
